{
  "name": "LootBazaar",
  "lockfileVersion": 3,
  "requires": true,
  "packages": {
    "": {
      "dependencies": {
        "axios": "^1.7.4"
      }
    },
    "tiger": {
      "extraneous": true,
      "dependencies": {
        "hono": "^4.5.6"
      },
      "devDependencies": {
        "@cloudflare/workers-types": "^4.20240815.0",
        "wrangler": "^3.57.2"
      }
    },
    "churro": {
      "version": "0.1.0",
      "extraneous": true,
      "dependencies": {
        "next": "14.2.5",
        "react": "^18",
        "react-dom": "^18"
      },
      "devDependencies": {
        "@types/node": "^20",
        "@types/react": "^18",
        "@types/react-dom": "^18",
        "eslint": "^8",
        "eslint-config-next": "14.2.5",
        "postcss": "^8",
        "tailwindcss": "^3.4.1",
        "typescript": "^5"
      }
    },
    "dumpling": {
      "version": "1.0.0",
      "extraneous": true,
      "dependencies": {
        "@expo-google-fonts/inter": "^0.2.3",
        "@expo-google-fonts/poppins": "^0.2.3",
        "@expo/vector-icons": "^14.0.0",
        "@react-native-async-storage/async-storage": "1.23.1",
        "@react-navigation/bottom-tabs": "^6.5.8",
        "@react-navigation/drawer": "^6.6.15",
        "@react-navigation/native": "^6.1.7",
        "@supabase/supabase-js": "^2.38.4",
        "@tamagui/font-inter": "1.74.8",
        "@tamagui/react-native-media-driver": "1.74.8",
        "@tamagui/shorthands": "1.74.8",
        "@tamagui/themes": "1.74.8",
        "expo": "^51.0.28",
        "expo-constants": "~16.0.1",
        "expo-font": "~12.0.9",
        "expo-linking": "~6.3.1",
        "expo-router": "~3.5.14",
        "expo-status-bar": "~1.12.1",
        "expo-system-ui": "~3.0.4",
        "expo-web-browser": "~13.0.3",
        "react": "18.2.0",
        "react-dom": "18.2.0",
        "react-native": "0.74.5",
        "react-native-gesture-handler": "~2.16.1",
        "react-native-reanimated": "~3.10.1",
        "react-native-safe-area-context": "4.10.1",
        "react-native-screens": "3.31.1",
        "react-native-web": "~0.19.10",
        "tamagui": "1.74.8"
      },
      "devDependencies": {
        "@babel/core": "^7.20.0",
        "@tamagui/babel-plugin": "1.74.8",
        "@types/react": "~18.2.45",
        "@typescript-eslint/eslint-plugin": "^7.7.0",
        "@typescript-eslint/parser": "^7.7.0",
        "ajv": "^8.12.0",
        "eslint": "^8.57.0",
        "eslint-config-universe": "^12.0.1",
        "prettier": "^3.2.5",
        "typescript": "~5.3.3"
      }
    },
    "node_modules/asynckit": {
      "version": "0.4.0",
      "resolved": "https://registry.npmjs.org/asynckit/-/asynckit-0.4.0.tgz",
      "integrity": "sha512-Oei9OH4tRh0YqU3GxhX79dM/mwVgvbZJaSNaRk+bshkj0S5cfHcgYakreBjrHwatXKbz+IoIdYLxrKim2MjW0Q==",
      "license": "MIT"
    },
    "node_modules/axios": {
      "version": "1.7.4",
      "resolved": "https://registry.npmjs.org/axios/-/axios-1.7.4.tgz",
      "integrity": "sha512-DukmaFRnY6AzAALSH4J2M3k6PkaC+MfaAGdEERRWcC9q3/TWQwLpHR8ZRLKTdQ3aBDL64EdluRDjJqKw+BPZEw==",
      "license": "MIT",
      "dependencies": {
        "follow-redirects": "^1.15.6",
        "form-data": "^4.0.0",
        "proxy-from-env": "^1.1.0"
      }
    },
    "node_modules/combined-stream": {
      "version": "1.0.8",
      "resolved": "https://registry.npmjs.org/combined-stream/-/combined-stream-1.0.8.tgz",
      "integrity": "sha512-FQN4MRfuJeHf7cBbBMJFXhKSDq+2kAArBlmRBvcvFE5BB1HZKXtSFASDhdlz9zOYwxh8lDdnvmMOe/+5cdoEdg==",
      "license": "MIT",
      "dependencies": {
        "delayed-stream": "~1.0.0"
      },
      "engines": {
        "node": ">= 0.8"
      }
    },
    "node_modules/delayed-stream": {
      "version": "1.0.0",
      "resolved": "https://registry.npmjs.org/delayed-stream/-/delayed-stream-1.0.0.tgz",
      "integrity": "sha512-ZySD7Nf91aLB0RxL4KGrKHBXl7Eds1DAmEdcoVawXnLD7SDhpNgtuII2aAkg7a7QS41jxPSZ17p4VdGnMHk3MQ==",
      "license": "MIT",
      "engines": {
        "node": ">=0.4.0"
      }
    },
    "node_modules/follow-redirects": {
      "version": "1.15.6",
      "resolved": "https://registry.npmjs.org/follow-redirects/-/follow-redirects-1.15.6.tgz",
      "integrity": "sha512-wWN62YITEaOpSK584EZXJafH1AGpO8RVgElfkuXbTOrPX4fIfOyEpW/CsiNd8JdYrAoOvafRTOEnvsO++qCqFA==",
      "funding": [
        {
          "type": "individual",
          "url": "https://github.com/sponsors/RubenVerborgh"
        }
      ],
      "license": "MIT",
      "engines": {
        "node": ">=4.0"
      },
      "peerDependenciesMeta": {
        "debug": {
          "optional": true
        }
      }
    },
    "node_modules/form-data": {
      "version": "4.0.0",
      "resolved": "https://registry.npmjs.org/form-data/-/form-data-4.0.0.tgz",
      "integrity": "sha512-ETEklSGi5t0QMZuiXoA/Q6vcnxcLQP5vdugSpuAyi6SVGi2clPPp+xgEhuMaHC+zGgn31Kd235W35f7Hykkaww==",
      "license": "MIT",
      "dependencies": {
        "asynckit": "^0.4.0",
        "combined-stream": "^1.0.8",
        "mime-types": "^2.1.12"
      },
      "engines": {
        "node": ">= 6"
      }
    },
    "node_modules/mime-db": {
      "version": "1.52.0",
      "resolved": "https://registry.npmjs.org/mime-db/-/mime-db-1.52.0.tgz",
      "integrity": "sha512-sPU4uV7dYlvtWJxwwxHD0PuihVNiE7TyAbQ5SWxDCB9mUYvOgroQOwYQQOKPJ8CIbE+1ETVlOoK1UC2nU3gYvg==",
      "license": "MIT",
      "engines": {
        "node": ">= 0.6"
      }
    },
    "node_modules/mime-types": {
      "version": "2.1.35",
      "resolved": "https://registry.npmjs.org/mime-types/-/mime-types-2.1.35.tgz",
      "integrity": "sha512-ZDY+bPm5zTTF+YpCrAU9nK0UgICYPT0QtT1NZWFv4s++TNkcgVaT0g6+4R2uI4MjQjzysHB1zxuWL50hzaeXiw==",
      "license": "MIT",
      "dependencies": {
        "mime-db": "1.52.0"
      },
      "engines": {
        "node": ">= 0.6"
      }
    },
    "node_modules/proxy-from-env": {
      "version": "1.1.0",
      "resolved": "https://registry.npmjs.org/proxy-from-env/-/proxy-from-env-1.1.0.tgz",
      "integrity": "sha512-D+zkORCbA9f1tdWRK0RaCR3GPv50cMxcrz4X8k5LTSUD1Dkw47mKJEZQNunItRTkWwgtaUSo1RVFRIG9ZXiFYg==",
      "license": "MIT"
    },
    "sushi": {
      "version": "0.0.0",
      "extraneous": true,
      "dependencies": {
        "@hono/trpc-server": "^0.3.2",
        "@hono/zod-validator": "^0.2.2",
        "@project-serum/anchor": "^0.26.0",
        "@solana/web3.js": "^1.95.2",
        "@trpc/client": "^10.45.2",
        "@trpc/server": "^10.45.2",
        "axios": "^1.7.4",
        "base64-js": "^1.5.1",
        "tsc": "^2.0.4",
        "zod": "^3.23.8"
      },
      "devDependencies": {
        "@cloudflare/workers-types": "^4.20240815.0",
        "esbuild": "^0.17.19",
        "hono": "^4.5.6",
        "typescript": "^5.5.4",
        "wrangler": "^3.72.0"
      }
    }
  }
}
